
Microsoft Visual Studio Solution File, Format Version 12.00
# Visual Studio Version 16
VisualStudioVersion = 16.0.29230.47
MinimumVisualStudioVersion = 10.0.40219.1
Project("{FAE04EC0-301F-11D3-BF4B-00C04F79EFBC}") = "Ap Financial Portal", "Ap Financial Portal\Ap Financial Portal.csproj", "{68FDB952-0451-4971-9C18-8330B9420491}"
EndProject
Global
	GlobalSection(SolutionConfigurationPlatforms) = preSolution
		Debug|Any CPU = Debug|Any CPU
		Release|Any CPU = Release|Any CPU
	EndGlobalSection
	GlobalSection(ProjectConfigurationPlatforms) = postSolution
		{68FDB952-0451-4971-9C18-8330B9420491}.Debug|Any CPU.ActiveCfg = Debug|Any CPU
		{68FDB952-0451-4971-9C18-8330B9420491}.Debug|Any CPU.Build.0 = Debug|Any CPU
		{68FDB952-0451-4971-9C18-8330B9420491}.Release|Any CPU.ActiveCfg = Release|Any CPU
		{68FDB952-0451-4971-9C18-8330B9420491}.Release|Any CPU.Build.0 = Release|Any CPU
	EndGlobalSection
	GlobalSection(SolutionProperties) = preSolution
		HideSolutionNode = FALSE
	EndGlobalSection
	GlobalSection(ExtensibilityGlobals) = postSolution
		SolutionGuid = {5E030E31-3101-4956-B8A5-72202BBEB2DE}
	EndGlobalSection
EndGlobal
